// !$*UTF8*$!
{
	archiveVersion = 1;
	classes = {
	};
	objectVersion = 51;
	objects = {

/* Begin PBXBuildFile section */
		BE2A49892E55825D3DB3DD19 /* Pods_MapboxDemo.framework in Frameworks */ = {isa = PBXBuildFile; fileRef = B605ADCF57FDD6273FD4658F /* Pods_MapboxDemo.framework */; };
		FA17C2772436177F00690768 /* AppDelegate.swift in Sources */ = {isa = PBXBuildFile; fileRef = FA17C2762436177F00690768 /* AppDelegate.swift */; };
		FA17C2792436177F00690768 /* SceneDelegate.swift in Sources */ = {isa = PBXBuildFile; fileRef = FA17C2782436177F00690768 /* SceneDelegate.swift */; };
		FA17C27B2436177F00690768 /* ViewController.swift in Sources */ = {isa = PBXBuildFile; fileRef = FA17C27A2436177F00690768 /* ViewController.swift */; };
		FA17C27E2436177F00690768 /* Main.storyboard in Resources */ = {isa = PBXBuildFile; fileRef = FA17C27C2436177F00690768 /* Main.storyboard */; };
		FA17C2802436178200690768 /* Assets.xcassets in Resources */ = {isa = PBXBuildFile; fileRef = FA17C27F2436178200690768 /* Assets.xcassets */; };
		FA17C2832436178200690768 /* LaunchScreen.storyboard in Resources */ = {isa = PBXBuildFile; fileRef = FA17C2812436178200690768 /* LaunchScreen.storyboard */; };
		FA17C28D2436199100690768 /* demo-with-polygon.geojson in Resources */ = {isa = PBXBuildFile; fileRef = FA17C28C2436199100690768 /* demo-with-polygon.geojson */; };
/* End PBXBuildFile section */

/* Begin PBXFileReference section */
		85EF2B6FFC71CF29B6150A7F /* Pods-MapboxDemo.release.xcconfig */ = {isa = PBXFileReference; includeInIndex = 1; lastKnownFileType = text.xcconfig; name = "Pods-MapboxDemo.release.xcconfig"; path = "Target Support Files/Pods-MapboxDemo/Pods-MapboxDemo.release.xcconfig"; sourceTree = "<group>"; };
		B605ADCF57FDD6273FD4658F /* Pods_MapboxDemo.framework */ = {isa = PBXFileReference; explicitFileType = wrapper.framework; includeInIndex = 0; path = Pods_MapboxDemo.framework; sourceTree = BUILT_PRODUCTS_DIR; };
		D842E0BDE1691D5A42648BF6 /* Pods-MapboxDemo.debug.xcconfig */ = {isa = PBXFileReference; includeInIndex = 1; lastKnownFileType = text.xcconfig; name = "Pods-MapboxDemo.debug.xcconfig"; path = "Target Support Files/Pods-MapboxDemo/Pods-MapboxDemo.debug.xcconfig"; sourceTree = "<group>"; };
		FA17C2732436177F00690768 /* MapboxDemo.app */ = {isa = PBXFileReference; explicitFileType = wrapper.application; includeInIndex = 0; path = MapboxDemo.app; sourceTree = BUILT_PRODUCTS_DIR; };
		FA17C2762436177F00690768 /* AppDelegate.swift */ = {isa = PBXFileReference; lastKnownFileType = sourcecode.swift; path = AppDelegate.swift; sourceTree = "<group>"; };
		FA17C2782436177F00690768 /* SceneDelegate.swift */ = {isa = PBXFileReference; lastKnownFileType = sourcecode.swift; path = SceneDelegate.swift; sourceTree = "<group>"; };
		FA17C27A2436177F00690768 /* ViewController.swift */ = {isa = PBXFileReference; lastKnownFileType = sourcecode.swift; path = ViewController.swift; sourceTree = "<group>"; };
		FA17C27D2436177F00690768 /* Base */ = {isa = PBXFileReference; lastKnownFileType = file.storyboard; name = Base; path = Base.lproj/Main.storyboard; sourceTree = "<group>"; };
		FA17C27F2436178200690768 /* Assets.xcassets */ = {isa = PBXFileReference; lastKnownFileType = folder.assetcatalog; path = Assets.xcassets; sourceTree = "<group>"; };
		FA17C2822436178200690768 /* Base */ = {isa = PBXFileReference; lastKnownFileType = file.storyboard; name = Base; path = Base.lproj/LaunchScreen.storyboard; sourceTree = "<group>"; };
		FA17C2842436178200690768 /* Info.plist */ = {isa = PBXFileReference; lastKnownFileType = text.plist.xml; path = Info.plist; sourceTree = "<group>"; };
		FA17C28C2436199100690768 /* demo-with-polygon.geojson */ = {isa = PBXFileReference; fileEncoding = 4; lastKnownFileType = text; path = "demo-with-polygon.geojson"; sourceTree = "<group>"; };
/* End PBXFileReference section */

/* Begin PBXFrameworksBuildPhase section */
		FA17C2702436177F00690768 /* Frameworks */ = {
			isa = PBXFrameworksBuildPhase;
			buildActionMask = 2147483647;
			files = (
				BE2A49892E55825D3DB3DD19 /* Pods_MapboxDemo.framework in Frameworks */,
			);
			runOnlyForDeploymentPostprocessing = 0;
		};
/* End PBXFrameworksBuildPhase section */

/* Begin PBXGroup section */
		70BEA6929E89302E658EF122 /* Pods */ = {
			isa = PBXGroup;
			children = (
				D842E0BDE1691D5A42648BF6 /* Pods-MapboxDemo.debug.xcconfig */,
				85EF2B6FFC71CF29B6150A7F /* Pods-MapboxDemo.release.xcconfig */,
			);
			path = Pods;
			sourceTree = "<group>";
		};
		7CACFE75115DDA9034E4B421 /* Frameworks */ = {
			isa = PBXGroup;
			children = (
				B605ADCF57FDD6273FD4658F /* Pods_MapboxDemo.framework */,
			);
			name = Frameworks;
			sourceTree = "<group>";
		};
		FA17C26A2436177F00690768 = {
			isa = PBXGroup;
			children = (
				FA17C28C2436199100690768 /* demo-with-polygon.geojson */,
				FA17C2752436177F00690768 /* MapboxDemo */,
				FA17C2742436177F00690768 /* Products */,
				70BEA6929E89302E658EF122 /* Pods */,
				7CACFE75115DDA9034E4B421 /* Frameworks */,
			);
			sourceTree = "<group>";
		};
		FA17C2742436177F00690768 /* Products */ = {
			isa = PBXGroup;
			children = (
				FA17C2732436177F00690768 /* MapboxDemo.app */,
			);
			name = Products;
			sourceTree = "<group>";
		};
		FA17C2752436177F00690768 /* MapboxDemo */ = {
			isa = PBXGroup;
			children = (
				FA17C2762436177F00690768 /* AppDelegate.swift */,
				FA17C2782436177F00690768 /* SceneDelegate.swift */,
				FA17C27A2436177F00690768 /* ViewController.swift */,
				FA17C27C2436177F00690768 /* Main.storyboard */,
				FA17C27F2436178200690768 /* Assets.xcassets */,
				FA17C2812436178200690768 /* LaunchScreen.storyboard */,
				FA17C2842436178200690768 /* Info.plist */,
			);
			path = MapboxDemo;
			sourceTree = "<group>";
		};
/* End PBXGroup section */

/* Begin PBXNativeTarget section */
		FA17C2722436177F00690768 /* MapboxDemo */ = {
			isa = PBXNativeTarget;
			buildConfigurationList = FA17C2872436178200690768 /* Build configuration list for PBXNativeTarget "MapboxDemo" */;
			buildPhases = (
				0C7727176F9BB384745AAF81 /* [CP] Check Pods Manifest.lock */,
				FA17C26F2436177F00690768 /* Sources */,
				FA17C2702436177F00690768 /* Frameworks */,
				FA17C2712436177F00690768 /* Resources */,
				5451B46D7F96FD094B747D6C /* [CP] Embed Pods Frameworks */,
			);
			buildRules = (
			);
			dependencies = (
			);
			name = MapboxDemo;
			productName = MapboxDemo;
			productReference = FA17C2732436177F00690768 /* MapboxDemo.app */;
			productType = "com.apple.product-type.application";
		};
/* End PBXNativeTarget section */

/* Begin PBXProject section */
		FA17C26B2436177F00690768 /* Project object */ = {
			isa = PBXProject;
			attributes = {
				LastSwiftUpdateCheck = 1130;
				LastUpgradeCheck = 1130;
				ORGANIZATIONNAME = AdityaWorks;
				TargetAttributes = {
					FA17C2722436177F00690768 = {
						CreatedOnToolsVersion = 11.3.1;
					};
				};
			};
			buildConfigurationList = FA17C26E2436177F00690768 /* Build configuration list for PBXProject "MapboxDemo" */;
			compatibilityVersion = "Xcode 9.3";
			developmentRegion = en;
			hasScannedForEncodings = 0;
			knownRegions = (
				en,
				Base,
			);
			mainGroup = FA17C26A2436177F00690768;
			productRefGroup = FA17C2742436177F00690768 /* Products */;
			projectDirPath = "";
			projectRoot = "";
			targets = (
				FA17C2722436177F00690768 /* MapboxDemo */,
			);
		};
/* End PBXProject section */

/* Begin PBXResourcesBuildPhase section */
		FA17C2712436177F00690768 /* Resources */ = {
			isa = PBXResourcesBuildPhase;
			buildActionMask = 2147483647;
			files = (
				FA17C2832436178200690768 /* LaunchScreen.storyboard in Resources */,
				FA17C2802436178200690768 /* Assets.xcassets in Resources */,
				FA17C27E2436177F00690768 /* Main.storyboard in Resources */,
				FA17C28D2436199100690768 /* demo-with-polygon.geojson in Resources */,
			);
			runOnlyForDeploymentPostprocessing = 0;
		};
/* End PBXResourcesBuildPhase section */

/* Begin PBXShellScriptBuildPhase section */
		0C7727176F9BB384745AAF81 /* [CP] Check Pods Manifest.lock */ = {
			isa = PBXShellScriptBuildPhase;
			buildActionMask = 2147483647;
			files = (
			);
			inputFileListPaths = (
			);
			inputPaths = (
				"${PODS_PODFILE_DIR_PATH}/Podfile.lock",
				"${PODS_ROOT}/Manifest.lock",
			);
			name = "[CP] Check Pods Manifest.lock";
			outputFileListPaths = (
			);
			outputPaths = (
				"$(DERIVED_FILE_DIR)/Pods-MapboxDemo-checkManifestLockResult.txt",
			);
			runOnlyForDeploymentPostprocessing = 0;
			shellPath = /bin/sh;
			shellScript = "diff \"${PODS_PODFILE_DIR_PATH}/Podfile.lock\" \"${PODS_ROOT}/Manifest.lock\" > /dev/null\nif [ $? != 0 ] ; then\n    # print error to STDERR\n    echo \"error: The sandbox is not in sync with the Podfile.lock. Run 'pod install' or update your CocoaPods installation.\" >&2\n    exit 1\nfi\n# This output is used by Xcode 'outputs' to avoid re-running this script phase.\necho \"SUCCESS\" > \"${SCRIPT_OUTPUT_FILE_0}\"\n";
			showEnvVarsInLog = 0;
		};
		5451B46D7F96FD094B747D6C /* [CP] Embed Pods Frameworks */ = {
			isa = PBXShellScriptBuildPhase;
			buildActionMask = 2147483647;
			files = (
			);
			inputFileListPaths = (
				"${PODS_ROOT}/Target Support Files/Pods-MapboxDemo/Pods-MapboxDemo-frameworks-${CONFIGURATION}-input-files.xcfilelist",
			);
			name = "[CP] Embed Pods Frameworks";
			outputFileListPaths = (
				"${PODS_ROOT}/Target Support Files/Pods-MapboxDemo/Pods-MapboxDemo-frameworks-${CONFIGURATION}-output-files.xcfilelist",
			);
			runOnlyForDeploymentPostprocessing = 0;
			shellPath = /bin/sh;
			shellScript = "\"${PODS_ROOT}/Target Support Files/Pods-MapboxDemo/Pods-MapboxDemo-frameworks.sh\"\n";
			showEnvVarsInLog = 0;
		};
/* End PBXShellScriptBuildPhase section */

/* Begin PBXSourcesBuildPhase section */
		FA17C26F2436177F00690768 /* Sources */ = {
			isa = PBXSourcesBuildPhase;
			buildActionMask = 2147483647;
			files = (
				FA17C27B2436177F00690768 /* ViewController.swift in Sources */,
				FA17C2772436177F00690768 /* AppDelegate.swift in Sources */,
				FA17C2792436177F00690768 /* SceneDelegate.swift in Sources */,
			);
			runOnlyForDeploymentPostprocessing = 0;
		};
/* End PBXSourcesBuildPhase section */

/* Begin PBXVariantGroup section */
		FA17C27C2436177F00690768 /* Main.storyboard */ = {
			isa = PBXVariantGroup;
			children = (
				FA17C27D2436177F00690768 /* Base */,
			);
			name = Main.storyboard;
			sourceTree = "<group>";
		};
		FA17C2812436178200690768 /* LaunchScreen.storyboard */ = {
			isa = PBXVariantGroup;
			children = (
				FA17C2822436178200690768 /* Base */,
			);
			name = LaunchScreen.storyboard;
			sourceTree = "<group>";
		};
/* End PBXVariantGroup section */

/* Begin XCBuildConfiguration section */
		FA17C2852436178200690768 /* Debug */ = {
			isa = XCBuildConfiguration;
			buildSettings = {
				ALWAYS_SEARCH_USER_PATHS = NO;
				CLANG_ANALYZER_NONNULL = YES;
				CLANG_ANALYZER_NUMBER_OBJECT_CONVERSION = YES_AGGRESSIVE;
				CLANG_CXX_LANGUAGE_STANDARD = "gnu++14";
				CLANG_CXX_LIBRARY = "libc++";
				CLANG_ENABLE_MODULES = YES;
				CLANG_ENABLE_OBJC_ARC = YES;
				CLANG_ENABLE_OBJC_WEAK = YES;
				CLANG_WARN_BLOCK_CAPTURE_AUTORELEASING = YES;
				CLANG_WARN_BOOL_CONVERSION = YES;
				CLANG_WARN_COMMA = YES;
				CLANG_WARN_CONSTANT_CONVERSION = YES;
				CLANG_WARN_DEPRECATED_OBJC_IMPLEMENTATIONS = YES;
				CLANG_WARN_DIRECT_OBJC_ISA_USAGE = YES_ERROR;
				CLANG_WARN_DOCUMENTATION_COMMENTS = YES;
				CLANG_WARN_EMPTY_BODY = YES;
				CLANG_WARN_ENUM_CONVERSION = YES;
				CLANG_WARN_INFINITE_RECURSION = YES;
				CLANG_WARN_INT_CONVERSION = YES;
				CLANG_WARN_NON_LITERAL_NULL_CONVERSION = YES;
				CLANG_WARN_OBJC_IMPLICIT_RETAIN_SELF = YES;
				CLANG_WARN_OBJC_LITERAL_CONVERSION = YES;
				CLANG_WARN_OBJC_ROOT_CLASS = YES_ERROR;
				CLANG_WARN_RANGE_LOOP_ANALYSIS = YES;
				CLANG_WARN_STRICT_PROTOTYPES = YES;
				CLANG_WARN_SUSPICIOUS_MOVE = YES;
				CLANG_WARN_UNGUARDED_AVAILABILITY = YES_AGGRESSIVE;
				CLANG_WARN_UNREACHABLE_CODE = YES;
				CLANG_WARN__DUPLICATE_METHOD_MATCH = YES;
				COPY_PHASE_STRIP = NO;
				DEBUG_INFORMATION_FORMAT = dwarf;
				ENABLE_STRICT_OBJC_MSGSEND = YES;
				ENABLE_TESTABILITY = YES;
				GCC_C_LANGUAGE_STANDARD = gnu11;
				GCC_DYNAMIC_NO_PIC = NO;
				GCC_NO_COMMON_BLOCKS = YES;
				GCC_OPTIMIZATION_LEVEL = 0;
				GCC_PREPROCESSOR_DEFINITIONS = (
					"DEBUG=1",
					"$(inherited)",
				);
				GCC_WARN_64_TO_32_BIT_CONVERSION = YES;
				GCC_WARN_ABOUT_RETURN_TYPE = YES_ERROR;
				GCC_WARN_UNDECLARED_SELECTOR = YES;
				GCC_WARN_UNINITIALIZED_AUTOS = YES_AGGRESSIVE;
				GCC_WARN_UNUSED_FUNCTION = YES;
				GCC_WARN_UNUSED_VARIABLE = YES;
				IPHONEOS_DEPLOYMENT_TARGET = 13.2;
				MTL_ENABLE_DEBUG_INFO = INCLUDE_SOURCE;
				MTL_FAST_MATH = YES;
				ONLY_ACTIVE_ARCH = YES;
				SDKROOT = iphoneos;
				SWIFT_ACTIVE_COMPILATION_CONDITIONS = DEBUG;
				SWIFT_OPTIMIZATION_LEVEL = "-Onone";
			};
			name = Debug;
		};
		FA17C2862436178200690768 /* Release */ = {
			isa = XCBuildConfiguration;
			buildSettings = {
				ALWAYS_SEARCH_USER_PATHS = NO;
				CLANG_ANALYZER_NONNULL = YES;
				CLANG_ANALYZER_NUMBER_OBJECT_CONVERSION = YES_AGGRESSIVE;
				CLANG_CXX_LANGUAGE_STANDARD = "gnu++14";
				CLANG_CXX_LIBRARY = "libc++";
				CLANG_ENABLE_MODULES = YES;
				CLANG_ENABLE_OBJC_ARC = YES;
				CLANG_ENABLE_OBJC_WEAK = YES;
				CLANG_WARN_BLOCK_CAPTURE_AUTORELEASING = YES;
				CLANG_WARN_BOOL_CONVERSION = YES;
				CLANG_WARN_COMMA = YES;
				CLANG_WARN_CONSTANT_CONVERSION = YES;
				CLANG_WARN_DEPRECATED_OBJC_IMPLEMENTATIONS = YES;
				CLANG_WARN_DIRECT_OBJC_ISA_USAGE = YES_ERROR;
				CLANG_WARN_DOCUMENTATION_COMMENTS = YES;
				CLANG_WARN_EMPTY_BODY = YES;
				CLANG_WARN_ENUM_CONVERSION = YES;
				CLANG_WARN_INFINITE_RECURSION = YES;
				CLANG_WARN_INT_CONVERSION = YES;
				CLANG_WARN_NON_LITERAL_NULL_CONVERSION = YES;
				CLANG_WARN_OBJC_IMPLICIT_RETAIN_SELF = YES;
				CLANG_WARN_OBJC_LITERAL_CONVERSION = YES;
				CLANG_WARN_OBJC_ROOT_CLASS = YES_ERROR;
				CLANG_WARN_RANGE_LOOP_ANALYSIS = YES;
				CLANG_WARN_STRICT_PROTOTYPES = YES;
				CLANG_WARN_SUSPICIOUS_MOVE = YES;
				CLANG_WARN_UNGUARDED_AVAILABILITY = YES_AGGRESSIVE;
				CLANG_WARN_UNREACHABLE_CODE = YES;
				CLANG_WARN__DUPLICATE_METHOD_MATCH = YES;
				COPY_PHASE_STRIP = NO;
				DEBUG_INFORMATION_FORMAT = "dwarf-with-dsym";
				ENABLE_NS_ASSERTIONS = NO;
				ENABLE_STRICT_OBJC_MSGSEND = YES;
				GCC_C_LANGUAGE_STANDARD = gnu11;
				GCC_NO_COMMON_BLOCKS = YES;
				GCC_WARN_64_TO_32_BIT_CONVERSION = YES;
				GCC_WARN_ABOUT_RETURN_TYPE = YES_ERROR;
				GCC_WARN_UNDECLARED_SELECTOR = YES;
				GCC_WARN_UNINITIALIZED_AUTOS = YES_AGGRESSIVE;
				GCC_WARN_UNUSED_FUNCTION = YES;
				GCC_WARN_UNUSED_VARIABLE = YES;
				IPHONEOS_DEPLOYMENT_TARGET = 13.2;
				MTL_ENABLE_DEBUG_INFO = NO;
				MTL_FAST_MATH = YES;
				SDKROOT = iphoneos;
				SWIFT_COMPILATION_MODE = wholemodule;
				SWIFT_OPTIMIZATION_LEVEL = "-O";
				VALIDATE_PRODUCT = YES;
			};
			name = Release;
		};
		FA17C2882436178200690768 /* Debug */ = {
			isa = XCBuildConfiguration;
			baseConfigurationReference = D842E0BDE1691D5A42648BF6 /* Pods-MapboxDemo.debug.xcconfig */;
			buildSettings = {
				ASSETCATALOG_COMPILER_APPICON_NAME = AppIcon;
				CODE_SIGN_STYLE = Automatic;
				INFOPLIST_FILE = MapboxDemo/Info.plist;
				LD_RUNPATH_SEARCH_PATHS = (
					"$(inherited)",
					"@executable_path/Frameworks",
				);
				PRODUCT_BUNDLE_IDENTIFIER = app.tourio.MapboxDemo;
				PRODUCT_NAME = "$(TARGET_NAME)";
				SWIFT_VERSION = 5.0;
				TARGETED_DEVICE_FAMILY = "1,2";
			};
			name = Debug;
		};
		FA17C2892436178200690768 /* Release */ = {
			isa = XCBuildConfiguration;
			baseConfigurationReference = 85EF2B6FFC71CF29B6150A7F /* Pods-MapboxDemo.release.xcconfig */;
			buildSettings = {
				ASSETCATALOG_COMPILER_APPICON_NAME = AppIcon;
				CODE_SIGN_STYLE = Automatic;
				INFOPLIST_FILE = MapboxDemo/Info.plist;
				LD_RUNPATH_SEARCH_PATHS = (
					"$(inherited)",
					"@executable_path/Frameworks",
				);
				PRODUCT_BUNDLE_IDENTIFIER = app.tourio.MapboxDemo;
				PRODUCT_NAME = "$(TARGET_NAME)";
				SWIFT_VERSION = 5.0;
				TARGETED_DEVICE_FAMILY = "1,2";
			};
			name = Release;
		};
/* End XCBuildConfiguration section */

/* Begin XCConfigurationList section */
		FA17C26E2436177F00690768 /* Build configuration list for PBXProject "MapboxDemo" */ = {
			isa = XCConfigurationList;
			buildConfigurations = (
				FA17C2852436178200690768 /* Debug */,
				FA17C2862436178200690768 /* Release */,
			);
			defaultConfigurationIsVisible = 0;
			defaultConfigurationName = Release;
		};
		FA17C2872436178200690768 /* Build configuration list for PBXNativeTarget "MapboxDemo" */ = {
			isa = XCConfigurationList;
			buildConfigurations = (
				FA17C2882436178200690768 /* Debug */,
				FA17C2892436178200690768 /* Release */,
			);
			defaultConfigurationIsVisible = 0;
			defaultConfigurationName = Release;
		};
/* End XCConfigurationList section */
	};
	rootObject = FA17C26B2436177F00690768 /* Project object */;
}
